<?xml version="1.0" encoding="utf-8"?>
<Project ToolsVersion="4.0" xmlns="http://schemas.microsoft.com/developer/msbuild/2003">
  <ItemGroup>
    <Filter Include="Shaders">
      <UniqueIdentifier>{2b0fb092-0f14-45ad-ae02-21f6c4b6dd91}</UniqueIdentifier>
    </Filter>
    <Filter Include="Utils">
      <UniqueIdentifier>{a3734519-6532-41d8-a96d-f24a2ea1536a}</UniqueIdentifier>
    </Filter>
    <Filter Include="Window">
      <UniqueIdentifier>{468504dc-ab06-4a54-aaa9-354189c178a4}</UniqueIdentifier>
    </Filter>
    <Filter Include="Main">
      <UniqueIdentifier>{4FC737F1-C7A5-4376-A066-2A32D752A2FF}</UniqueIdentifier>
      <Extensions>cpp;c;cc;cxx;c++;cppm;ixx;def;odl;idl;hpj;bat;asm;asmx</Extensions>
    </Filter>
    <Filter Include="Shapes">
      <UniqueIdentifier>{2e6a9f50-7dae-4f82-9831-59aba795accd}</UniqueIdentifier>
    </Filter>
    <Filter Include="Core">
      <UniqueIdentifier>{93995380-89BD-4b04-88EB-625FBE52EBFB}</UniqueIdentifier>
      <Extensions>h;hh;hpp;hxx;h++;hm;inl;inc;ipp;xsd</Extensions>
    </Filter>
    <Filter Include="Utils\ShaderUtils">
      <UniqueIdentifier>{017c6813-1176-4fad-9678-2cbcddb5b546}</UniqueIdentifier>
    </Filter>
    <Filter Include="Utils\SpaceUtils">
      <UniqueIdentifier>{46f71f95-2726-46ea-b0b4-96d52b78f764}</UniqueIdentifier>
    </Filter>
    <Filter Include="Core\Engine">
      <UniqueIdentifier>{dbf68517-7feb-4d5b-8431-327e63752c77}</UniqueIdentifier>
    </Filter>
    <Filter Include="Utils\Position">
      <UniqueIdentifier>{51e9dd95-4431-4b82-a554-df8dac07a4f1}</UniqueIdentifier>
    </Filter>
    <Filter Include="Utils\Velocity">
      <UniqueIdentifier>{643bd0a0-d7c2-4085-928f-5431596e4768}</UniqueIdentifier>
    </Filter>
    <Filter Include="Utils\Acceleration">
      <UniqueIdentifier>{5728d95b-8da3-4990-b61a-973015110a46}</UniqueIdentifier>
    </Filter>
    <Filter Include="Utils\Meter">
      <UniqueIdentifier>{0c0497f8-7387-4a29-b5c0-0f966484c420}</UniqueIdentifier>
    </Filter>
    <Filter Include="Utils\Vector">
      <UniqueIdentifier>{f9e12034-7661-4876-bec6-65e52c003f81}</UniqueIdentifier>
    </Filter>
    <Filter Include="Constants">
      <UniqueIdentifier>{a10032d9-d42b-4f5b-9af0-f8284ccddad5}</UniqueIdentifier>
    </Filter>
    <Filter Include="Shapes\Circle">
      <UniqueIdentifier>{17c85de9-55b8-45e0-951a-a0f83ef35611}</UniqueIdentifier>
    </Filter>
  </ItemGroup>
  <ItemGroup>
    <ClCompile Include="Core\Engine\Engine.cpp">
      <Filter>Core\Engine</Filter>
    </ClCompile>
    <ClCompile Include="Main\Space Sim.cpp">
      <Filter>Main</Filter>
    </ClCompile>
    <ClCompile Include="Shapes\Circle\Circle.cpp">
      <Filter>Shapes\Circle</Filter>
    </ClCompile>
    <ClCompile Include="Utils\ShaderUtils\ShaderUtils.cpp">
      <Filter>Utils\ShaderUtils</Filter>
    </ClCompile>
    <ClCompile Include="Utils\SpaceUtils\SpaceUtils.cpp">
      <Filter>Utils\SpaceUtils</Filter>
    </ClCompile>
    <ClCompile Include="Window\Window.cpp">
      <Filter>Window</Filter>
    </ClCompile>
  </ItemGroup>
  <ItemGroup>
    <ClInclude Include="Constants\Constants.h">
      <Filter>Constants</Filter>
    </ClInclude>
    <ClInclude Include="Core\Engine\Engine.h">
      <Filter>Core\Engine</Filter>
    </ClInclude>
    <ClInclude Include="Shapes\Circle\Circle.h">
      <Filter>Shapes\Circle</Filter>
    </ClInclude>
    <ClInclude Include="Utils\Acceleration\Acceleration.h">
      <Filter>Utils\Acceleration</Filter>
    </ClInclude>
    <ClInclude Include="Utils\Meter\Meter.h">
      <Filter>Utils\Meter</Filter>
    </ClInclude>
    <ClInclude Include="Utils\Position\Position.h">
      <Filter>Utils\Position</Filter>
    </ClInclude>
    <ClInclude Include="Utils\ShaderUtils\ShaderUtils.h">
      <Filter>Utils\ShaderUtils</Filter>
    </ClInclude>
    <ClInclude Include="Utils\SpaceUtils\SpaceUtils.h">
      <Filter>Utils\SpaceUtils</Filter>
    </ClInclude>
    <ClInclude Include="Utils\Vector\Vector.h">
      <Filter>Utils\Vector</Filter>
    </ClInclude>
    <ClInclude Include="Utils\Velocity\Velocity.h">
      <Filter>Utils\Velocity</Filter>
    </ClInclude>
    <ClInclude Include="Window\Window.h">
      <Filter>Window</Filter>
    </ClInclude>
  </ItemGroup>
  <ItemGroup>
    <None Include="Shaders\shader.vert">
      <Filter>Shaders</Filter>
    </None>
    <None Include="Shaders\shader.frag">
      <Filter>Shaders</Filter>
    </None>
  </ItemGroup>
</Project>